
Microsoft Visual Studio Solution File, Format Version 12.00
# Visual Studio 15
VisualStudioVersion = 15.0.26730.12
MinimumVisualStudioVersion = 10.0.40219.1
Project("{FAE04EC0-301F-11D3-BF4B-00C04F79EFBC}") = "ChessAPI", "ChessAPI\ChessAPI.csproj", "{5FA397B2-7840-405B-A192-43C712CA9047}"
EndProject
Project("{FAE04EC0-301F-11D3-BF4B-00C04F79EFBC}") = "Brix", "Play_Brix\Brix.csproj", "{B93283EF-6538-479F-B855-1BD8815BA8EF}"
EndProject
Project("{FAE04EC0-301F-11D3-BF4B-00C04F79EFBC}") = "ChessAPI.Test", "ChessAPI.Test\ChessAPI.Test.csproj", "{8E8914FE-75A1-4694-AC48-A507B6C37A2E}"
EndProject
Global
	GlobalSection(SolutionConfigurationPlatforms) = preSolution
		Debug|Any CPU = Debug|Any CPU
		Release|Any CPU = Release|Any CPU
	EndGlobalSection
	GlobalSection(ProjectConfigurationPlatforms) = postSolution
		{5FA397B2-7840-405B-A192-43C712CA9047}.Debug|Any CPU.ActiveCfg = Debug|Any CPU
		{5FA397B2-7840-405B-A192-43C712CA9047}.Debug|Any CPU.Build.0 = Debug|Any CPU
		{5FA397B2-7840-405B-A192-43C712CA9047}.Release|Any CPU.ActiveCfg = Release|Any CPU
		{5FA397B2-7840-405B-A192-43C712CA9047}.Release|Any CPU.Build.0 = Release|Any CPU
		{B93283EF-6538-479F-B855-1BD8815BA8EF}.Debug|Any CPU.ActiveCfg = Debug|Any CPU
		{B93283EF-6538-479F-B855-1BD8815BA8EF}.Debug|Any CPU.Build.0 = Debug|Any CPU
		{B93283EF-6538-479F-B855-1BD8815BA8EF}.Debug|Any CPU.Deploy.0 = Debug|Any CPU
		{B93283EF-6538-479F-B855-1BD8815BA8EF}.Release|Any CPU.ActiveCfg = Release|Any CPU
		{B93283EF-6538-479F-B855-1BD8815BA8EF}.Release|Any CPU.Build.0 = Release|Any CPU
		{B93283EF-6538-479F-B855-1BD8815BA8EF}.Release|Any CPU.Deploy.0 = Release|Any CPU
		{8E8914FE-75A1-4694-AC48-A507B6C37A2E}.Debug|Any CPU.ActiveCfg = Debug|Any CPU
		{8E8914FE-75A1-4694-AC48-A507B6C37A2E}.Debug|Any CPU.Build.0 = Debug|Any CPU
		{8E8914FE-75A1-4694-AC48-A507B6C37A2E}.Release|Any CPU.ActiveCfg = Release|Any CPU
		{8E8914FE-75A1-4694-AC48-A507B6C37A2E}.Release|Any CPU.Build.0 = Release|Any CPU
	EndGlobalSection
	GlobalSection(SolutionProperties) = preSolution
		HideSolutionNode = FALSE
	EndGlobalSection
	GlobalSection(ExtensibilityGlobals) = postSolution
		SolutionGuid = {2A1875A4-2350-4A2D-9A0F-BCD941C69A9B}
	EndGlobalSection
EndGlobal
